{
  "name": "oauth2",
  "version": "1.0.0",
  "lockfileVersion": 3,
  "requires": true,
  "packages": {
    "": {
      "name": "oauth2",
      "version": "1.0.0",
      "dependencies": {
        "axios": "^1.7.3",
        "dotenv": "^16.4.5",
        "react": "^18.3.1",
        "react-dom": "^18.3.1",
        "react-router-dom": "^6.26.0"
      },
      "devDependencies": {
        "@rsbuild/core": "1.0.1-beta.10",
        "@rsbuild/plugin-react": "1.0.1-beta.10",
        "@types/node": "^22.1.0",
        "@types/react": "^18.3.3",
        "@types/react-dom": "^18.3.0",
        "prettier": "^3.3.3",
        "typescript": "^5.5.2"
      }
    },
    "node_modules/@module-federation/runtime": {
      "version": "0.2.3",
      "resolved": "https://registry.npmjs.org/@module-federation/runtime/-/runtime-0.2.3.tgz",
      "integrity": "sha512-N+ZxBUb1mkmfO9XT1BwgYQgShtUTlijHbukqQ4afFka5lRAT+ayC7RKfHJLz0HbuexKPCmPBDfdmCnErR5WyTQ==",
      "dev": true,
      "dependencies": {
        "@module-federation/sdk": "0.2.3"
      }
    },
    "node_modules/@module-federation/runtime-tools": {
      "version": "0.2.3",
      "resolved": "https://registry.npmjs.org/@module-federation/runtime-tools/-/runtime-tools-0.2.3.tgz",
      "integrity": "sha512-capN8CVTCEqNAjnl102girrkevczoQfnQYyiYC4WuyKsg7+LUqfirIe1Eiyv6VSE2UgvOTZDnqvervA6rBOlmg==",
      "dev": true,
      "dependencies": {
        "@module-federation/runtime": "0.2.3",
        "@module-federation/webpack-bundler-runtime": "0.2.3"
      }
    },
    "node_modules/@module-federation/sdk": {
      "version": "0.2.3",
      "resolved": "https://registry.npmjs.org/@module-federation/sdk/-/sdk-0.2.3.tgz",
      "integrity": "sha512-W9zrPchLocyCBc/B8CW21akcfJXLl++9xBe1L1EtgxZGfj/xwHt0GcBWE/y+QGvYTL2a1iZjwscbftbUhxgxXg==",
      "dev": true
    },
    "node_modules/@module-federation/webpack-bundler-runtime": {
      "version": "0.2.3",
      "resolved": "https://registry.npmjs.org/@module-federation/webpack-bundler-runtime/-/webpack-bundler-runtime-0.2.3.tgz",
      "integrity": "sha512-L/jt2uJ+8dwYiyn9GxryzDR6tr/Wk8rpgvelM2EBeLIhu7YxCHSmSjQYhw3BTux9zZIr47d1K9fGjBFsVRd/SQ==",
      "dev": true,
      "dependencies": {
        "@module-federation/runtime": "0.2.3",
        "@module-federation/sdk": "0.2.3"
      }
    },
    "node_modules/@remix-run/router": {
      "version": "1.19.0",
      "resolved": "https://registry.npmjs.org/@remix-run/router/-/router-1.19.0.tgz",
      "integrity": "sha512-zDICCLKEwbVYTS6TjYaWtHXxkdoUvD/QXvyVZjGCsWz5vyH7aFeONlPffPdW+Y/t6KT0MgXb2Mfjun9YpWN1dA==",
      "engines": {
        "node": ">=14.0.0"
      }
    },
    "node_modules/@rsbuild/core": {
      "version": "1.0.1-beta.10",
      "resolved": "https://registry.npmjs.org/@rsbuild/core/-/core-1.0.1-beta.10.tgz",
      "integrity": "sha512-F2xVOiUXmv9PhtgXnxtelE2Ay6gwsU2MjLur+PNF63QJB4VhV1KMWedt0cEw6m3KR6/n6laWY3PXv8TxGA99iA==",
      "dev": true,
      "dependencies": {
        "@rspack/core": "1.0.0-beta.2",
        "@rspack/lite-tapable": "1.0.0-beta.2",
        "@swc/helpers": "0.5.11",
        "caniuse-lite": "^1.0.30001647",
        "core-js": "~3.37.1"
      },
      "bin": {
        "rsbuild": "bin/rsbuild.js"
      },
      "engines": {
        "node": ">=16.7.0"
      },
      "optionalDependencies": {
        "fsevents": "~2.3.3"
      }
    },
    "node_modules/@rsbuild/plugin-react": {
      "version": "1.0.1-beta.10",
      "resolved": "https://registry.npmjs.org/@rsbuild/plugin-react/-/plugin-react-1.0.1-beta.10.tgz",
      "integrity": "sha512-uacYiZi9tBR8xcgJWiUpGnO9DQE8hxqzeokICjicKsVJMGa+HJCk7r9U/2z4RyjptwECQd5/6x9LrojWyNshWA==",
      "dev": true,
      "dependencies": {
        "@rspack/plugin-react-refresh": "1.0.0-beta.2",
        "react-refresh": "^0.14.2"
      },
      "peerDependencies": {
        "@rsbuild/core": "^1.0.1-beta.10"
      }
    },
    "node_modules/@rspack/binding": {
      "version": "1.0.0-beta.2",
      "resolved": "https://registry.npmjs.org/@rspack/binding/-/binding-1.0.0-beta.2.tgz",
      "integrity": "sha512-ZywN7G96EV44XSXvg6fLgLcsOrjfvgXMxJopvFvNL+3LQHY6a1kmkVbEVvvOvZp4rc9odfDT3fF4A2g46F58eA==",
      "dev": true,
      "optionalDependencies": {
        "@rspack/binding-darwin-arm64": "1.0.0-beta.2",
        "@rspack/binding-darwin-x64": "1.0.0-beta.2",
        "@rspack/binding-linux-arm64-gnu": "1.0.0-beta.2",
        "@rspack/binding-linux-arm64-musl": "1.0.0-beta.2",
        "@rspack/binding-linux-x64-gnu": "1.0.0-beta.2",
        "@rspack/binding-linux-x64-musl": "1.0.0-beta.2",
        "@rspack/binding-win32-arm64-msvc": "1.0.0-beta.2",
        "@rspack/binding-win32-ia32-msvc": "1.0.0-beta.2",
        "@rspack/binding-win32-x64-msvc": "1.0.0-beta.2"
      }
    },
    "node_modules/@rspack/binding-darwin-arm64": {
      "version": "1.0.0-beta.2",
      "resolved": "https://registry.npmjs.org/@rspack/binding-darwin-arm64/-/binding-darwin-arm64-1.0.0-beta.2.tgz",
      "integrity": "sha512-q0C1Vj9kAuIy+fs2GBUj+py/ibFudxNHQshzVSiLSvgWICdF0UOXj2KIHaPFGsq87StQU84lichMKeZpztUUPA==",
      "cpu": [
        "arm64"
      ],
      "dev": true,
      "optional": true,
      "os": [
        "darwin"
      ]
    },
    "node_modules/@rspack/binding-darwin-x64": {
      "version": "1.0.0-beta.2",
      "resolved": "https://registry.npmjs.org/@rspack/binding-darwin-x64/-/binding-darwin-x64-1.0.0-beta.2.tgz",
      "integrity": "sha512-S+pJu1GafgFocrE1mgm/rYXu0/FE/+9Mo6RvTl5wxKMp7YoMubglE9wz5zxwZUqgW2i3jPcfBMqDVEN/njwt0w==",
      "cpu": [
        "x64"
      ],
      "dev": true,
      "optional": true,
      "os": [
        "darwin"
      ]
    },
    "node_modules/@rspack/binding-linux-arm64-gnu": {
      "version": "1.0.0-beta.2",
      "resolved": "https://registry.npmjs.org/@rspack/binding-linux-arm64-gnu/-/binding-linux-arm64-gnu-1.0.0-beta.2.tgz",
      "integrity": "sha512-YidKPTC1eRjgEkPFWkXJ3MGFunOlnCJJUP/aty79V89pAQava9H/deju6ouUeMer6jZGyrjacKFRRTdpnlM+nA==",
      "cpu": [
        "arm64"
      ],
      "dev": true,
      "optional": true,
      "os": [
        "linux"
      ]
    },
    "node_modules/@rspack/binding-linux-arm64-musl": {
      "version": "1.0.0-beta.2",
      "resolved": "https://registry.npmjs.org/@rspack/binding-linux-arm64-musl/-/binding-linux-arm64-musl-1.0.0-beta.2.tgz",
      "integrity": "sha512-jQ5ePXdQKTjI1Kq6+e+t5OZ6zkuyKWZg4XmzL/wtPpJav99jNNRBbNv/waF9f6hpMwvbeIavCeQrJS89DlOaSQ==",
      "cpu": [
        "arm64"
      ],
      "dev": true,
      "optional": true,
      "os": [
        "linux"
      ]
    },
    "node_modules/@rspack/binding-linux-x64-gnu": {
      "version": "1.0.0-beta.2",
      "resolved": "https://registry.npmjs.org/@rspack/binding-linux-x64-gnu/-/binding-linux-x64-gnu-1.0.0-beta.2.tgz",
      "integrity": "sha512-tTjALyN5b1KQt1KzCxxcIOO3mPNvUcvz5xmbax7nD4F6LjEgW2JacYbpwXJrw5gTp6kCIaEi9qoP3a5J69OHsg==",
      "cpu": [
        "x64"
      ],
      "dev": true,
      "optional": true,
      "os": [
        "linux"
      ]
    },
    "node_modules/@rspack/binding-linux-x64-musl": {
      "version": "1.0.0-beta.2",
      "resolved": "https://registry.npmjs.org/@rspack/binding-linux-x64-musl/-/binding-linux-x64-musl-1.0.0-beta.2.tgz",
      "integrity": "sha512-U7x1SuM8/jH5CYc36A5PHrUm8D+vOQ2S9XC0YUOcdthNRfTqhZdHDH95r0w6PWPO30gFEodbH2ndh9PM/SIYxA==",
      "cpu": [
        "x64"
      ],
      "dev": true,
      "optional": true,
      "os": [
        "linux"
      ]
    },
    "node_modules/@rspack/binding-win32-arm64-msvc": {
      "version": "1.0.0-beta.2",
      "resolved": "https://registry.npmjs.org/@rspack/binding-win32-arm64-msvc/-/binding-win32-arm64-msvc-1.0.0-beta.2.tgz",
      "integrity": "sha512-FgeU0GBJu+lsK8UpwMmzX7xDq2GWA+7Lnc+5mis5Dz/RvZdsosV/O2jGXZ6Y8JBFUex2lZvyO81kIr6ej6pLZw==",
      "cpu": [
        "arm64"
      ],
      "dev": true,
      "optional": true,
      "os": [
        "win32"
      ]
    },
    "node_modules/@rspack/binding-win32-ia32-msvc": {
      "version": "1.0.0-beta.2",
      "resolved": "https://registry.npmjs.org/@rspack/binding-win32-ia32-msvc/-/binding-win32-ia32-msvc-1.0.0-beta.2.tgz",
      "integrity": "sha512-wPAlubduL/dPEXnnYk7NP+lvqK2ZRfQOBIC/o5rA/YYAb1cSUX9Ggk3ma/NIc0BN7UhnguOWecpobJxYqhgscw==",
      "cpu": [
        "ia32"
      ],
      "dev": true,
      "optional": true,
      "os": [
        "win32"
      ]
    },
    "node_modules/@rspack/binding-win32-x64-msvc": {
      "version": "1.0.0-beta.2",
      "resolved": "https://registry.npmjs.org/@rspack/binding-win32-x64-msvc/-/binding-win32-x64-msvc-1.0.0-beta.2.tgz",
      "integrity": "sha512-iqfHgC9j5iFA3XNfjywIINMjmwhru1dmXKD1IsUr+ucjKbKbI/gKSqw9xcZYXk4m01C+Mpb0rGtk/TZWsdz6qw==",
      "cpu": [
        "x64"
      ],
      "dev": true,
      "optional": true,
      "os": [
        "win32"
      ]
    },
    "node_modules/@rspack/core": {
      "version": "1.0.0-beta.2",
      "resolved": "https://registry.npmjs.org/@rspack/core/-/core-1.0.0-beta.2.tgz",
      "integrity": "sha512-YiF2oZlC0RThUYB5mHQ+XDB8edEzsY/FwKrFsi0p/UelEJssXECeNueoXdleZA8YQ2Ch4LaY2tLiB/2uffiAjg==",
      "dev": true,
      "dependencies": {
        "@module-federation/runtime-tools": "0.2.3",
        "@rspack/binding": "1.0.0-beta.2",
        "@rspack/lite-tapable": "1.0.0-beta.2",
        "caniuse-lite": "^1.0.30001616"
      },
      "engines": {
        "node": ">=16.0.0"
      },
      "peerDependencies": {
        "@swc/helpers": ">=0.5.1"
      },
      "peerDependenciesMeta": {
        "@swc/helpers": {
          "optional": true
        }
      }
    },
    "node_modules/@rspack/lite-tapable": {
      "version": "1.0.0-beta.2",
      "resolved": "https://registry.npmjs.org/@rspack/lite-tapable/-/lite-tapable-1.0.0-beta.2.tgz",
      "integrity": "sha512-pDcrOH7tejguIxzcMUnCb5FCrz9GWtAnS3dVG6O/P4l7OWtcOBI3F1TQUsEy1u2WpMpH9ruPHRCSIliBfUymLg==",
      "dev": true,
      "engines": {
        "node": ">=16.0.0"
      }
    },
    "node_modules/@rspack/plugin-react-refresh": {
      "version": "1.0.0-beta.2",
      "resolved": "https://registry.npmjs.org/@rspack/plugin-react-refresh/-/plugin-react-refresh-1.0.0-beta.2.tgz",
      "integrity": "sha512-vmnQrX2Bpw59OzHjvcgo+BKElPIASDYjz9d1MTkdd/MLO5HDLGb3EfUKUZir1a1roYlHX51PdfDLUlRXws1vNg==",
      "dev": true,
      "dependencies": {
        "error-stack-parser": "^2.0.6",
        "html-entities": "^2.1.0"
      },
      "peerDependencies": {
        "react-refresh": ">=0.10.0 <1.0.0"
      },
      "peerDependenciesMeta": {
        "react-refresh": {
          "optional": true
        }
      }
    },
    "node_modules/@swc/helpers": {
      "version": "0.5.11",
      "resolved": "https://registry.npmjs.org/@swc/helpers/-/helpers-0.5.11.tgz",
      "integrity": "sha512-YNlnKRWF2sVojTpIyzwou9XoTNbzbzONwRhOoniEioF1AtaitTvVZblaQRrAzChWQ1bLYyYSWzM18y4WwgzJ+A==",
      "dev": true,
      "dependencies": {
        "tslib": "^2.4.0"
      }
    },
    "node_modules/@types/node": {
      "version": "22.1.0",
      "resolved": "https://registry.npmjs.org/@types/node/-/node-22.1.0.tgz",
      "integrity": "sha512-AOmuRF0R2/5j1knA3c6G3HOk523Ga+l+ZXltX8SF1+5oqcXijjfTd8fY3XRZqSihEu9XhtQnKYLmkFaoxgsJHw==",
      "dev": true,
      "dependencies": {
        "undici-types": "~6.13.0"
      }
    },
    "node_modules/@types/prop-types": {
      "version": "15.7.12",
      "resolved": "https://registry.npmjs.org/@types/prop-types/-/prop-types-15.7.12.tgz",
      "integrity": "sha512-5zvhXYtRNRluoE/jAp4GVsSduVUzNWKkOZrCDBWYtE7biZywwdC2AcEzg+cSMLFRfVgeAFqpfNabiPjxFddV1Q==",
      "dev": true
    },
    "node_modules/@types/react": {
      "version": "18.3.3",
      "resolved": "https://registry.npmjs.org/@types/react/-/react-18.3.3.tgz",
      "integrity": "sha512-hti/R0pS0q1/xx+TsI73XIqk26eBsISZ2R0wUijXIngRK9R/e7Xw/cXVxQK7R5JjW+SV4zGcn5hXjudkN/pLIw==",
      "dev": true,
      "dependencies": {
        "@types/prop-types": "*",
        "csstype": "^3.0.2"
      }
    },
    "node_modules/@types/react-dom": {
      "version": "18.3.0",
      "resolved": "https://registry.npmjs.org/@types/react-dom/-/react-dom-18.3.0.tgz",
      "integrity": "sha512-EhwApuTmMBmXuFOikhQLIBUn6uFg81SwLMOAUgodJF14SOBOCMdU04gDoYi0WOJJHD144TL32z4yDqCW3dnkQg==",
      "dev": true,
      "dependencies": {
        "@types/react": "*"
      }
    },
    "node_modules/asynckit": {
      "version": "0.4.0",
      "resolved": "https://registry.npmjs.org/asynckit/-/asynckit-0.4.0.tgz",
      "integrity": "sha512-Oei9OH4tRh0YqU3GxhX79dM/mwVgvbZJaSNaRk+bshkj0S5cfHcgYakreBjrHwatXKbz+IoIdYLxrKim2MjW0Q=="
    },
    "node_modules/axios": {
      "version": "1.7.3",
      "resolved": "https://registry.npmjs.org/axios/-/axios-1.7.3.tgz",
      "integrity": "sha512-Ar7ND9pU99eJ9GpoGQKhKf58GpUOgnzuaB7ueNQ5BMi0p+LZ5oaEnfF999fAArcTIBwXTCHAmGcHOZJaWPq9Nw==",
      "dependencies": {
        "follow-redirects": "^1.15.6",
        "form-data": "^4.0.0",
        "proxy-from-env": "^1.1.0"
      }
    },
    "node_modules/caniuse-lite": {
      "version": "1.0.30001649",
      "resolved": "https://registry.npmjs.org/caniuse-lite/-/caniuse-lite-1.0.30001649.tgz",
      "integrity": "sha512-fJegqZZ0ZX8HOWr6rcafGr72+xcgJKI9oWfDW5DrD7ExUtgZC7a7R7ZYmZqplh7XDocFdGeIFn7roAxhOeYrPQ==",
      "dev": true,
      "funding": [
        {
          "type": "opencollective",
          "url": "https://opencollective.com/browserslist"
        },
        {
          "type": "tidelift",
          "url": "https://tidelift.com/funding/github/npm/caniuse-lite"
        },
        {
          "type": "github",
          "url": "https://github.com/sponsors/ai"
        }
      ]
    },
    "node_modules/combined-stream": {
      "version": "1.0.8",
      "resolved": "https://registry.npmjs.org/combined-stream/-/combined-stream-1.0.8.tgz",
      "integrity": "sha512-FQN4MRfuJeHf7cBbBMJFXhKSDq+2kAArBlmRBvcvFE5BB1HZKXtSFASDhdlz9zOYwxh8lDdnvmMOe/+5cdoEdg==",
      "dependencies": {
        "delayed-stream": "~1.0.0"
      },
      "engines": {
        "node": ">= 0.8"
      }
    },
    "node_modules/core-js": {
      "version": "3.37.1",
      "resolved": "https://registry.npmjs.org/core-js/-/core-js-3.37.1.tgz",
      "integrity": "sha512-Xn6qmxrQZyB0FFY8E3bgRXei3lWDJHhvI+u0q9TKIYM49G8pAr0FgnnrFRAmsbptZL1yxRADVXn+x5AGsbBfyw==",
      "dev": true,
      "hasInstallScript": true,
      "funding": {
        "type": "opencollective",
        "url": "https://opencollective.com/core-js"
      }
    },
    "node_modules/csstype": {
      "version": "3.1.3",
      "resolved": "https://registry.npmjs.org/csstype/-/csstype-3.1.3.tgz",
      "integrity": "sha512-M1uQkMl8rQK/szD0LNhtqxIPLpimGm8sOBwU7lLnCpSbTyY3yeU1Vc7l4KT5zT4s/yOxHH5O7tIuuLOCnLADRw==",
      "dev": true
    },
    "node_modules/delayed-stream": {
      "version": "1.0.0",
      "resolved": "https://registry.npmjs.org/delayed-stream/-/delayed-stream-1.0.0.tgz",
      "integrity": "sha512-ZySD7Nf91aLB0RxL4KGrKHBXl7Eds1DAmEdcoVawXnLD7SDhpNgtuII2aAkg7a7QS41jxPSZ17p4VdGnMHk3MQ==",
      "engines": {
        "node": ">=0.4.0"
      }
    },
    "node_modules/dotenv": {
      "version": "16.4.5",
      "resolved": "https://registry.npmjs.org/dotenv/-/dotenv-16.4.5.tgz",
      "integrity": "sha512-ZmdL2rui+eB2YwhsWzjInR8LldtZHGDoQ1ugH85ppHKwpUHL7j7rN0Ti9NCnGiQbhaZ11FpR+7ao1dNsmduNUg==",
      "engines": {
        "node": ">=12"
      },
      "funding": {
        "url": "https://dotenvx.com"
      }
    },
    "node_modules/error-stack-parser": {
      "version": "2.1.4",
      "resolved": "https://registry.npmjs.org/error-stack-parser/-/error-stack-parser-2.1.4.tgz",
      "integrity": "sha512-Sk5V6wVazPhq5MhpO+AUxJn5x7XSXGl1R93Vn7i+zS15KDVxQijejNCrz8340/2bgLBjR9GtEG8ZVKONDjcqGQ==",
      "dev": true,
      "dependencies": {
        "stackframe": "^1.3.4"
      }
    },
    "node_modules/follow-redirects": {
      "version": "1.15.6",
      "resolved": "https://registry.npmjs.org/follow-redirects/-/follow-redirects-1.15.6.tgz",
      "integrity": "sha512-wWN62YITEaOpSK584EZXJafH1AGpO8RVgElfkuXbTOrPX4fIfOyEpW/CsiNd8JdYrAoOvafRTOEnvsO++qCqFA==",
      "funding": [
        {
          "type": "individual",
          "url": "https://github.com/sponsors/RubenVerborgh"
        }
      ],
      "engines": {
        "node": ">=4.0"
      },
      "peerDependenciesMeta": {
        "debug": {
          "optional": true
        }
      }
    },
    "node_modules/form-data": {
      "version": "4.0.0",
      "resolved": "https://registry.npmjs.org/form-data/-/form-data-4.0.0.tgz",
      "integrity": "sha512-ETEklSGi5t0QMZuiXoA/Q6vcnxcLQP5vdugSpuAyi6SVGi2clPPp+xgEhuMaHC+zGgn31Kd235W35f7Hykkaww==",
      "dependencies": {
        "asynckit": "^0.4.0",
        "combined-stream": "^1.0.8",
        "mime-types": "^2.1.12"
      },
      "engines": {
        "node": ">= 6"
      }
    },
    "node_modules/fsevents": {
      "version": "2.3.3",
      "resolved": "https://registry.npmjs.org/fsevents/-/fsevents-2.3.3.tgz",
      "integrity": "sha512-5xoDfX+fL7faATnagmWPpbFtwh/R77WmMMqqHGS65C3vvB0YHrgF+B1YmZ3441tMj5n63k0212XNoJwzlhffQw==",
      "dev": true,
      "hasInstallScript": true,
      "optional": true,
      "os": [
        "darwin"
      ],
      "engines": {
        "node": "^8.16.0 || ^10.6.0 || >=11.0.0"
      }
    },
    "node_modules/html-entities": {
      "version": "2.5.2",
      "resolved": "https://registry.npmjs.org/html-entities/-/html-entities-2.5.2.tgz",
      "integrity": "sha512-K//PSRMQk4FZ78Kyau+mZurHn3FH0Vwr+H36eE0rPbeYkRRi9YxceYPhuN60UwWorxyKHhqoAJl2OFKa4BVtaA==",
      "dev": true,
      "funding": [
        {
          "type": "github",
          "url": "https://github.com/sponsors/mdevils"
        },
        {
          "type": "patreon",
          "url": "https://patreon.com/mdevils"
        }
      ]
    },
    "node_modules/js-tokens": {
      "version": "4.0.0",
      "resolved": "https://registry.npmjs.org/js-tokens/-/js-tokens-4.0.0.tgz",
      "integrity": "sha512-RdJUflcE3cUzKiMqQgsCu06FPu9UdIJO0beYbPhHN4k6apgJtifcoCtT9bcxOpYBtpD2kCM6Sbzg4CausW/PKQ=="
    },
    "node_modules/loose-envify": {
      "version": "1.4.0",
      "resolved": "https://registry.npmjs.org/loose-envify/-/loose-envify-1.4.0.tgz",
      "integrity": "sha512-lyuxPGr/Wfhrlem2CL/UcnUc1zcqKAImBDzukY7Y5F/yQiNdko6+fRLevlw1HgMySw7f611UIY408EtxRSoK3Q==",
      "dependencies": {
        "js-tokens": "^3.0.0 || ^4.0.0"
      },
      "bin": {
        "loose-envify": "cli.js"
      }
    },
    "node_modules/mime-db": {
      "version": "1.52.0",
      "resolved": "https://registry.npmjs.org/mime-db/-/mime-db-1.52.0.tgz",
      "integrity": "sha512-sPU4uV7dYlvtWJxwwxHD0PuihVNiE7TyAbQ5SWxDCB9mUYvOgroQOwYQQOKPJ8CIbE+1ETVlOoK1UC2nU3gYvg==",
      "engines": {
        "node": ">= 0.6"
      }
    },
    "node_modules/mime-types": {
      "version": "2.1.35",
      "resolved": "https://registry.npmjs.org/mime-types/-/mime-types-2.1.35.tgz",
      "integrity": "sha512-ZDY+bPm5zTTF+YpCrAU9nK0UgICYPT0QtT1NZWFv4s++TNkcgVaT0g6+4R2uI4MjQjzysHB1zxuWL50hzaeXiw==",
      "dependencies": {
        "mime-db": "1.52.0"
      },
      "engines": {
        "node": ">= 0.6"
      }
    },
    "node_modules/prettier": {
      "version": "3.3.3",
      "resolved": "https://registry.npmjs.org/prettier/-/prettier-3.3.3.tgz",
      "integrity": "sha512-i2tDNA0O5IrMO757lfrdQZCc2jPNDVntV0m/+4whiDfWaTKfMNgR7Qz0NAeGz/nRqF4m5/6CLzbP4/liHt12Ew==",
      "dev": true,
      "bin": {
        "prettier": "bin/prettier.cjs"
      },
      "engines": {
        "node": ">=14"
      },
      "funding": {
        "url": "https://github.com/prettier/prettier?sponsor=1"
      }
    },
    "node_modules/proxy-from-env": {
      "version": "1.1.0",
      "resolved": "https://registry.npmjs.org/proxy-from-env/-/proxy-from-env-1.1.0.tgz",
      "integrity": "sha512-D+zkORCbA9f1tdWRK0RaCR3GPv50cMxcrz4X8k5LTSUD1Dkw47mKJEZQNunItRTkWwgtaUSo1RVFRIG9ZXiFYg=="
    },
    "node_modules/react": {
      "version": "18.3.1",
      "resolved": "https://registry.npmjs.org/react/-/react-18.3.1.tgz",
      "integrity": "sha512-wS+hAgJShR0KhEvPJArfuPVN1+Hz1t0Y6n5jLrGQbkb4urgPE/0Rve+1kMB1v/oWgHgm4WIcV+i7F2pTVj+2iQ==",
      "dependencies": {
        "loose-envify": "^1.1.0"
      },
      "engines": {
        "node": ">=0.10.0"
      }
    },
    "node_modules/react-dom": {
      "version": "18.3.1",
      "resolved": "https://registry.npmjs.org/react-dom/-/react-dom-18.3.1.tgz",
      "integrity": "sha512-5m4nQKp+rZRb09LNH59GM4BxTh9251/ylbKIbpe7TpGxfJ+9kv6BLkLBXIjjspbgbnIBNqlI23tRnTWT0snUIw==",
      "dependencies": {
        "loose-envify": "^1.1.0",
        "scheduler": "^0.23.2"
      },
      "peerDependencies": {
        "react": "^18.3.1"
      }
    },
    "node_modules/react-refresh": {
      "version": "0.14.2",
      "resolved": "https://registry.npmjs.org/react-refresh/-/react-refresh-0.14.2.tgz",
      "integrity": "sha512-jCvmsr+1IUSMUyzOkRcvnVbX3ZYC6g9TDrDbFuFmRDq7PD4yaGbLKNQL6k2jnArV8hjYxh7hVhAZB6s9HDGpZA==",
      "dev": true,
      "engines": {
        "node": ">=0.10.0"
      }
    },
    "node_modules/react-router": {
      "version": "6.26.0",
      "resolved": "https://registry.npmjs.org/react-router/-/react-router-6.26.0.tgz",
      "integrity": "sha512-wVQq0/iFYd3iZ9H2l3N3k4PL8EEHcb0XlU2Na8nEwmiXgIUElEH6gaJDtUQxJ+JFzmIXaQjfdpcGWaM6IoQGxg==",
      "dependencies": {
        "@remix-run/router": "1.19.0"
      },
      "engines": {
        "node": ">=14.0.0"
      },
      "peerDependencies": {
        "react": ">=16.8"
      }
    },
    "node_modules/react-router-dom": {
      "version": "6.26.0",
      "resolved": "https://registry.npmjs.org/react-router-dom/-/react-router-dom-6.26.0.tgz",
      "integrity": "sha512-RRGUIiDtLrkX3uYcFiCIxKFWMcWQGMojpYZfcstc63A1+sSnVgILGIm9gNUA6na3Fm1QuPGSBQH2EMbAZOnMsQ==",
      "dependencies": {
        "@remix-run/router": "1.19.0",
        "react-router": "6.26.0"
      },
      "engines": {
        "node": ">=14.0.0"
      },
      "peerDependencies": {
        "react": ">=16.8",
        "react-dom": ">=16.8"
      }
    },
    "node_modules/scheduler": {
      "version": "0.23.2",
      "resolved": "https://registry.npmjs.org/scheduler/-/scheduler-0.23.2.tgz",
      "integrity": "sha512-UOShsPwz7NrMUqhR6t0hWjFduvOzbtv7toDH1/hIrfRNIDBnnBWd0CwJTGvTpngVlmwGCdP9/Zl/tVrDqcuYzQ==",
      "dependencies": {
        "loose-envify": "^1.1.0"
      }
    },
    "node_modules/stackframe": {
      "version": "1.3.4",
      "resolved": "https://registry.npmjs.org/stackframe/-/stackframe-1.3.4.tgz",
      "integrity": "sha512-oeVtt7eWQS+Na6F//S4kJ2K2VbRlS9D43mAlMyVpVWovy9o+jfgH8O9agzANzaiLjclA0oYzUXEM4PurhSUChw==",
      "dev": true
    },
    "node_modules/tslib": {
      "version": "2.6.3",
      "resolved": "https://registry.npmjs.org/tslib/-/tslib-2.6.3.tgz",
      "integrity": "sha512-xNvxJEOUiWPGhUuUdQgAJPKOOJfGnIyKySOc09XkKsgdUV/3E2zvwZYdejjmRgPCgcym1juLH3226yA7sEFJKQ==",
      "dev": true
    },
    "node_modules/typescript": {
      "version": "5.5.4",
      "resolved": "https://registry.npmjs.org/typescript/-/typescript-5.5.4.tgz",
      "integrity": "sha512-Mtq29sKDAEYP7aljRgtPOpTvOfbwRWlS6dPRzwjdE+C0R4brX/GUyhHSecbHMFLNBLcJIPt9nl9yG5TZ1weH+Q==",
      "dev": true,
      "bin": {
        "tsc": "bin/tsc",
        "tsserver": "bin/tsserver"
      },
      "engines": {
        "node": ">=14.17"
      }
    },
    "node_modules/undici-types": {
      "version": "6.13.0",
      "resolved": "https://registry.npmjs.org/undici-types/-/undici-types-6.13.0.tgz",
      "integrity": "sha512-xtFJHudx8S2DSoujjMd1WeWvn7KKWFRESZTMeL1RptAYERu29D6jphMjjY+vn96jvN3kVPDNxU/E13VTaXj6jg==",
      "dev": true
    }
  }
}
